
Microsoft Visual Studio Solution File, Format Version 12.00
# Visual Studio Version 16
VisualStudioVersion = 16.0.30804.86
MinimumVisualStudioVersion = 10.0.40219.1
Project("{FAE04EC0-301F-11D3-BF4B-00C04F79EFBC}") = "MemoryGame", "MemoryGame\MemoryGame.csproj", "{85AB1C3D-8C7A-4E79-8813-15A788DAE591}"
EndProject
Global
	GlobalSection(SolutionConfigurationPlatforms) = preSolution
		Debug|Any CPU = Debug|Any CPU
		Release|Any CPU = Release|Any CPU
	EndGlobalSection
	GlobalSection(ProjectConfigurationPlatforms) = postSolution
		{85AB1C3D-8C7A-4E79-8813-15A788DAE591}.Debug|Any CPU.ActiveCfg = Debug|Any CPU
		{85AB1C3D-8C7A-4E79-8813-15A788DAE591}.Debug|Any CPU.Build.0 = Debug|Any CPU
		{85AB1C3D-8C7A-4E79-8813-15A788DAE591}.Release|Any CPU.ActiveCfg = Release|Any CPU
		{85AB1C3D-8C7A-4E79-8813-15A788DAE591}.Release|Any CPU.Build.0 = Release|Any CPU
	EndGlobalSection
	GlobalSection(SolutionProperties) = preSolution
		HideSolutionNode = FALSE
	EndGlobalSection
	GlobalSection(ExtensibilityGlobals) = postSolution
		SolutionGuid = {9504B5A6-B9FF-4EDB-AE71-0627F54AD9BB}
	EndGlobalSection
EndGlobal
